{
  "name": "eaglercraft-26.2-build-tools",
  "lockfileVersion": 3,
  "requires": true,
  "packages": {
    "": {
      "name": "eaglercraft-26.2-build-tools",
      "dependencies": {
        "brotli-dec-wasm": "2.3.2"
      }
    },
    "node_modules/brotli-dec-wasm": {
      "version": "2.3.2",
      "resolved": "https://registry.npmjs.org/brotli-dec-wasm/-/brotli-dec-wasm-2.3.2.tgz",
      "integrity": "sha512-5H+k8eVLIJY6B4olN2HP9QzJAxcplf0jV7mWnkpxvOSeUE9Npg3dQ2pgLn30a9MUFHNro1iSmtdu6VNdlb+TIw==",
      "license": "MIT OR Apache-2.0"
    }
  }
}
